
Microsoft Visual Studio Solution File, Format Version 12.00
# Visual Studio Version 17
VisualStudioVersion = 17.13.35919.96
MinimumVisualStudioVersion = 10.0.40219.1
Project("{8BC9CEB8-8B4A-11D0-8D11-00A0C91BC942}") = "HelloWorld", "HelloWorld\HelloWorld.vcxproj", "{298634A3-52AA-4DF4-AC83-FC02290E073D}"
EndProject
Project("{8BC9CEB8-8B4A-11D0-8D11-00A0C91BC942}") = "DataTypes", "DataTypes\DataTypes.vcxproj", "{473A399E-7448-4218-8630-293A210ED7D8}"
EndProject
Project("{8BC9CEB8-8B4A-11D0-8D11-00A0C91BC942}") = "DataTypesLecture", "DataTypesLecture\DataTypesLecture.vcxproj", "{6124D496-BB3F-47CF-B505-9B0E614808F4}"
EndProject
Project("{8BC9CEB8-8B4A-11D0-8D11-00A0C91BC942}") = "UserDataTypes", "UserDataTypes\UserDataTypes.vcxproj", "{D554B108-14F1-48F9-8033-9686C9522071}"
EndProject
Project("{8BC9CEB8-8B4A-11D0-8D11-00A0C91BC942}") = "MadLibGenerator", "MadLibGenerator\MadLibGenerator.vcxproj", "{7595DD5F-D54D-43C1-8AA7-5D3A17B1244E}"
EndProject
Project("{8BC9CEB8-8B4A-11D0-8D11-00A0C91BC942}") = "Payroll2", "Payroll2\Payroll2.vcxproj", "{532031A8-C221-4094-89E7-01DF3EDB1D7B}"
EndProject
Project("{8BC9CEB8-8B4A-11D0-8D11-00A0C91BC942}") = "Memory", "Memory\Memory.vcxproj", "{724E3138-1E10-40F7-9C8C-E9182DD2AAB6}"
EndProject
Project("{8BC9CEB8-8B4A-11D0-8D11-00A0C91BC942}") = "MemoryReview", "MemoryReview\MemoryReview.vcxproj", "{E0A65893-4301-42D1-B587-A8CB7D453961}"
EndProject
Project("{8BC9CEB8-8B4A-11D0-8D11-00A0C91BC942}") = "Containers", "Containers\Containers.vcxproj", "{3A3C06DE-B2A3-403F-9F40-79BC4FA77E4C}"
EndProject
Project("{8BC9CEB8-8B4A-11D0-8D11-00A0C91BC942}") = "ContainersAssignment", "ContainersAssignment\ContainersAssignment.vcxproj", "{9EBBE02C-69F1-433E-8892-4E200BBB2A3B}"
EndProject
Global
	GlobalSection(SolutionConfigurationPlatforms) = preSolution
		Debug|x64 = Debug|x64
		Debug|x86 = Debug|x86
		Release|x64 = Release|x64
		Release|x86 = Release|x86
	EndGlobalSection
	GlobalSection(ProjectConfigurationPlatforms) = postSolution
		{298634A3-52AA-4DF4-AC83-FC02290E073D}.Debug|x64.ActiveCfg = Debug|x64
		{298634A3-52AA-4DF4-AC83-FC02290E073D}.Debug|x64.Build.0 = Debug|x64
		{298634A3-52AA-4DF4-AC83-FC02290E073D}.Debug|x86.ActiveCfg = Debug|Win32
		{298634A3-52AA-4DF4-AC83-FC02290E073D}.Debug|x86.Build.0 = Debug|Win32
		{298634A3-52AA-4DF4-AC83-FC02290E073D}.Release|x64.ActiveCfg = Release|x64
		{298634A3-52AA-4DF4-AC83-FC02290E073D}.Release|x64.Build.0 = Release|x64
		{298634A3-52AA-4DF4-AC83-FC02290E073D}.Release|x86.ActiveCfg = Release|Win32
		{298634A3-52AA-4DF4-AC83-FC02290E073D}.Release|x86.Build.0 = Release|Win32
		{473A399E-7448-4218-8630-293A210ED7D8}.Debug|x64.ActiveCfg = Debug|x64
		{473A399E-7448-4218-8630-293A210ED7D8}.Debug|x64.Build.0 = Debug|x64
		{473A399E-7448-4218-8630-293A210ED7D8}.Debug|x86.ActiveCfg = Debug|Win32
		{473A399E-7448-4218-8630-293A210ED7D8}.Debug|x86.Build.0 = Debug|Win32
		{473A399E-7448-4218-8630-293A210ED7D8}.Release|x64.ActiveCfg = Release|x64
		{473A399E-7448-4218-8630-293A210ED7D8}.Release|x64.Build.0 = Release|x64
		{473A399E-7448-4218-8630-293A210ED7D8}.Release|x86.ActiveCfg = Release|Win32
		{473A399E-7448-4218-8630-293A210ED7D8}.Release|x86.Build.0 = Release|Win32
		{6124D496-BB3F-47CF-B505-9B0E614808F4}.Debug|x64.ActiveCfg = Debug|x64
		{6124D496-BB3F-47CF-B505-9B0E614808F4}.Debug|x64.Build.0 = Debug|x64
		{6124D496-BB3F-47CF-B505-9B0E614808F4}.Debug|x86.ActiveCfg = Debug|Win32
		{6124D496-BB3F-47CF-B505-9B0E614808F4}.Debug|x86.Build.0 = Debug|Win32
		{6124D496-BB3F-47CF-B505-9B0E614808F4}.Release|x64.ActiveCfg = Release|x64
		{6124D496-BB3F-47CF-B505-9B0E614808F4}.Release|x64.Build.0 = Release|x64
		{6124D496-BB3F-47CF-B505-9B0E614808F4}.Release|x86.ActiveCfg = Release|Win32
		{6124D496-BB3F-47CF-B505-9B0E614808F4}.Release|x86.Build.0 = Release|Win32
		{D554B108-14F1-48F9-8033-9686C9522071}.Debug|x64.ActiveCfg = Debug|x64
		{D554B108-14F1-48F9-8033-9686C9522071}.Debug|x64.Build.0 = Debug|x64
		{D554B108-14F1-48F9-8033-9686C9522071}.Debug|x86.ActiveCfg = Debug|Win32
		{D554B108-14F1-48F9-8033-9686C9522071}.Debug|x86.Build.0 = Debug|Win32
		{D554B108-14F1-48F9-8033-9686C9522071}.Release|x64.ActiveCfg = Release|x64
		{D554B108-14F1-48F9-8033-9686C9522071}.Release|x64.Build.0 = Release|x64
		{D554B108-14F1-48F9-8033-9686C9522071}.Release|x86.ActiveCfg = Release|Win32
		{D554B108-14F1-48F9-8033-9686C9522071}.Release|x86.Build.0 = Release|Win32
		{7595DD5F-D54D-43C1-8AA7-5D3A17B1244E}.Debug|x64.ActiveCfg = Debug|x64
		{7595DD5F-D54D-43C1-8AA7-5D3A17B1244E}.Debug|x64.Build.0 = Debug|x64
		{7595DD5F-D54D-43C1-8AA7-5D3A17B1244E}.Debug|x86.ActiveCfg = Debug|Win32
		{7595DD5F-D54D-43C1-8AA7-5D3A17B1244E}.Debug|x86.Build.0 = Debug|Win32
		{7595DD5F-D54D-43C1-8AA7-5D3A17B1244E}.Release|x64.ActiveCfg = Release|x64
		{7595DD5F-D54D-43C1-8AA7-5D3A17B1244E}.Release|x64.Build.0 = Release|x64
		{7595DD5F-D54D-43C1-8AA7-5D3A17B1244E}.Release|x86.ActiveCfg = Release|Win32
		{7595DD5F-D54D-43C1-8AA7-5D3A17B1244E}.Release|x86.Build.0 = Release|Win32
		{532031A8-C221-4094-89E7-01DF3EDB1D7B}.Debug|x64.ActiveCfg = Debug|x64
		{532031A8-C221-4094-89E7-01DF3EDB1D7B}.Debug|x64.Build.0 = Debug|x64
		{532031A8-C221-4094-89E7-01DF3EDB1D7B}.Debug|x86.ActiveCfg = Debug|Win32
		{532031A8-C221-4094-89E7-01DF3EDB1D7B}.Debug|x86.Build.0 = Debug|Win32
		{532031A8-C221-4094-89E7-01DF3EDB1D7B}.Release|x64.ActiveCfg = Release|x64
		{532031A8-C221-4094-89E7-01DF3EDB1D7B}.Release|x64.Build.0 = Release|x64
		{532031A8-C221-4094-89E7-01DF3EDB1D7B}.Release|x86.ActiveCfg = Release|Win32
		{532031A8-C221-4094-89E7-01DF3EDB1D7B}.Release|x86.Build.0 = Release|Win32
		{724E3138-1E10-40F7-9C8C-E9182DD2AAB6}.Debug|x64.ActiveCfg = Debug|x64
		{724E3138-1E10-40F7-9C8C-E9182DD2AAB6}.Debug|x64.Build.0 = Debug|x64
		{724E3138-1E10-40F7-9C8C-E9182DD2AAB6}.Debug|x86.ActiveCfg = Debug|Win32
		{724E3138-1E10-40F7-9C8C-E9182DD2AAB6}.Debug|x86.Build.0 = Debug|Win32
		{724E3138-1E10-40F7-9C8C-E9182DD2AAB6}.Release|x64.ActiveCfg = Release|x64
		{724E3138-1E10-40F7-9C8C-E9182DD2AAB6}.Release|x64.Build.0 = Release|x64
		{724E3138-1E10-40F7-9C8C-E9182DD2AAB6}.Release|x86.ActiveCfg = Release|Win32
		{724E3138-1E10-40F7-9C8C-E9182DD2AAB6}.Release|x86.Build.0 = Release|Win32
		{E0A65893-4301-42D1-B587-A8CB7D453961}.Debug|x64.ActiveCfg = Debug|x64
		{E0A65893-4301-42D1-B587-A8CB7D453961}.Debug|x64.Build.0 = Debug|x64
		{E0A65893-4301-42D1-B587-A8CB7D453961}.Debug|x86.ActiveCfg = Debug|Win32
		{E0A65893-4301-42D1-B587-A8CB7D453961}.Debug|x86.Build.0 = Debug|Win32
		{E0A65893-4301-42D1-B587-A8CB7D453961}.Release|x64.ActiveCfg = Release|x64
		{E0A65893-4301-42D1-B587-A8CB7D453961}.Release|x64.Build.0 = Release|x64
		{E0A65893-4301-42D1-B587-A8CB7D453961}.Release|x86.ActiveCfg = Release|Win32
		{E0A65893-4301-42D1-B587-A8CB7D453961}.Release|x86.Build.0 = Release|Win32
		{3A3C06DE-B2A3-403F-9F40-79BC4FA77E4C}.Debug|x64.ActiveCfg = Debug|x64
		{3A3C06DE-B2A3-403F-9F40-79BC4FA77E4C}.Debug|x64.Build.0 = Debug|x64
		{3A3C06DE-B2A3-403F-9F40-79BC4FA77E4C}.Debug|x86.ActiveCfg = Debug|Win32
		{3A3C06DE-B2A3-403F-9F40-79BC4FA77E4C}.Debug|x86.Build.0 = Debug|Win32
		{3A3C06DE-B2A3-403F-9F40-79BC4FA77E4C}.Release|x64.ActiveCfg = Release|x64
		{3A3C06DE-B2A3-403F-9F40-79BC4FA77E4C}.Release|x64.Build.0 = Release|x64
		{3A3C06DE-B2A3-403F-9F40-79BC4FA77E4C}.Release|x86.ActiveCfg = Release|Win32
		{3A3C06DE-B2A3-403F-9F40-79BC4FA77E4C}.Release|x86.Build.0 = Release|Win32
		{9EBBE02C-69F1-433E-8892-4E200BBB2A3B}.Debug|x64.ActiveCfg = Debug|x64
		{9EBBE02C-69F1-433E-8892-4E200BBB2A3B}.Debug|x64.Build.0 = Debug|x64
		{9EBBE02C-69F1-433E-8892-4E200BBB2A3B}.Debug|x86.ActiveCfg = Debug|Win32
		{9EBBE02C-69F1-433E-8892-4E200BBB2A3B}.Debug|x86.Build.0 = Debug|Win32
		{9EBBE02C-69F1-433E-8892-4E200BBB2A3B}.Release|x64.ActiveCfg = Release|x64
		{9EBBE02C-69F1-433E-8892-4E200BBB2A3B}.Release|x64.Build.0 = Release|x64
		{9EBBE02C-69F1-433E-8892-4E200BBB2A3B}.Release|x86.ActiveCfg = Release|Win32
		{9EBBE02C-69F1-433E-8892-4E200BBB2A3B}.Release|x86.Build.0 = Release|Win32
	EndGlobalSection
	GlobalSection(SolutionProperties) = preSolution
		HideSolutionNode = FALSE
	EndGlobalSection
	GlobalSection(ExtensibilityGlobals) = postSolution
		SolutionGuid = {DE6D4D05-23A7-472C-8B79-518C68894FF3}
	EndGlobalSection
EndGlobal
